{
  "nodes": {
    "nixpkgs": {
      "locked": {
        "lastModified": 1685957102,
        "narHash": "sha256-4SWEDuPkDr1QBL2z1NdMFt/xrEOTqpa0fZvtgVAn9FI=",
        "owner": "NixOS",
        "repo": "nixpkgs",
        "rev": "4627ee741d12abbe3c401677d330f2e89cfa5d4a",
        "type": "github"
      },
      "original": {
        "owner": "NixOS",
        "ref": "master",
        "repo": "nixpkgs",
        "type": "github"
      }
    },
    "root": {
      "inputs": {
        "nixpkgs": "nixpkgs"
      }
    }
  },
  "root": "root",
  "version": 7
}
