{
  "nodes": {
    "nixpkgs": {
      "locked": {
        "lastModified": 1684656337,
        "narHash": "sha256-1cKfJ+ql+GkvAJHRcnUZ14g6g0Im7CAXraaesAzDA9I=",
        "owner": "NixOS",
        "repo": "nixpkgs",
        "rev": "0a8fb2a9815fe0672a37157721581c3fa9f2ca69",
        "type": "github"
      },
      "original": {
        "owner": "NixOS",
        "ref": "master",
        "repo": "nixpkgs",
        "type": "github"
      }
    },
    "root": {
      "inputs": {
        "nixpkgs": "nixpkgs"
      }
    }
  },
  "root": "root",
  "version": 7
}
