{
  "nodes": {
    "nixpkgs": {
      "locked": {
        "lastModified": 1679906605,
        "narHash": "sha256-1TIIFl+xZ/kouI+B/F/VnTM9HVluogE3Vgnb386jRvI=",
        "owner": "NixOS",
        "repo": "nixpkgs",
        "rev": "3351d1bdb280c9b3fc437bf2842ef78edd51d79c",
        "type": "github"
      },
      "original": {
        "owner": "NixOS",
        "ref": "master",
        "repo": "nixpkgs",
        "type": "github"
      }
    },
    "root": {
      "inputs": {
        "nixpkgs": "nixpkgs"
      }
    }
  },
  "root": "root",
  "version": 7
}
